// !$*UTF8*$!
{
	archiveVersion = 1;
	classes = {
	};
	objectVersion = 77;
	objects = {

/* Begin PBXBuildFile section */
		850F73C630471427000E8D2A /* Sialbo-watchOS Watch App.app in Embed Watch Content */ = {isa = PBXBuildFile; fileRef = 850F73C530471427000E8D2A /* Sialbo-watchOS Watch App.app */; settings = {ATTRIBUTES = (RemoveHeadersOnCopy, ); }; };
		85CD1A21304BE034007FA558 /* WidgetKit.framework in Frameworks */ = {isa = PBXBuildFile; fileRef = 85CD1A20304BE034007FA558 /* WidgetKit.framework */; };
		85CD1A23304BE034007FA558 /* SwiftUI.framework in Frameworks */ = {isa = PBXBuildFile; fileRef = 85CD1A22304BE034007FA558 /* SwiftUI.framework */; };
		85CD1A2E304BE035007FA558 /* Sialbo-watchOS-WidgetExtension.appex in Embed Foundation Extensions */ = {isa = PBXBuildFile; fileRef = 85CD1A1E304BE034007FA558 /* Sialbo-watchOS-WidgetExtension.appex */; settings = {ATTRIBUTES = (RemoveHeadersOnCopy, ); }; };
/* End PBXBuildFile section */

/* Begin PBXContainerItemProxy section */
		850F73C730471427000E8D2A /* PBXContainerItemProxy */ = {
			isa = PBXContainerItemProxy;
			containerPortal = 850F73B930471427000E8D2A /* Project object */;
			proxyType = 1;
			remoteGlobalIDString = 850F73C430471427000E8D2A;
			remoteInfo = "Sialbo-watchOS Watch App";
		};
		85CD1A2C304BE035007FA558 /* PBXContainerItemProxy */ = {
			isa = PBXContainerItemProxy;
			containerPortal = 850F73B930471427000E8D2A /* Project object */;
			proxyType = 1;
			remoteGlobalIDString = 85CD1A1D304BE034007FA558;
			remoteInfo = "Sialbo-watchOS-WidgetExtension";
		};
/* End PBXContainerItemProxy section */

/* Begin PBXCopyFilesBuildPhase section */
		850F73D530471428000E8D2A /* Embed Watch Content */ = {
			isa = PBXCopyFilesBuildPhase;
			buildActionMask = 2147483647;
			dstPath = "$(CONTENTS_FOLDER_PATH)/Watch";
			dstSubfolderSpec = 16;
			files = (
				850F73C630471427000E8D2A /* Sialbo-watchOS Watch App.app in Embed Watch Content */,
			);
			name = "Embed Watch Content";
			runOnlyForDeploymentPostprocessing = 0;
		};
		85CD1A33304BE035007FA558 /* Embed Foundation Extensions */ = {
			isa = PBXCopyFilesBuildPhase;
			buildActionMask = 2147483647;
			dstPath = "";
			dstSubfolderSpec = 13;
			files = (
				85CD1A2E304BE035007FA558 /* Sialbo-watchOS-WidgetExtension.appex in Embed Foundation Extensions */,
			);
			name = "Embed Foundation Extensions";
			runOnlyForDeploymentPostprocessing = 0;
		};
/* End PBXCopyFilesBuildPhase section */

/* Begin PBXFileReference section */
		850F73BF30471427000E8D2A /* Sialbo-watchOS.app */ = {isa = PBXFileReference; explicitFileType = wrapper.application; includeInIndex = 0; path = "Sialbo-watchOS.app"; sourceTree = BUILT_PRODUCTS_DIR; };
		850F73C530471427000E8D2A /* Sialbo-watchOS Watch App.app */ = {isa = PBXFileReference; explicitFileType = wrapper.application; includeInIndex = 0; path = "Sialbo-watchOS Watch App.app"; sourceTree = BUILT_PRODUCTS_DIR; };
		85CD1A1E304BE034007FA558 /* Sialbo-watchOS-WidgetExtension.appex */ = {isa = PBXFileReference; explicitFileType = "wrapper.app-extension"; includeInIndex = 0; path = "Sialbo-watchOS-WidgetExtension.appex"; sourceTree = BUILT_PRODUCTS_DIR; };
		85CD1A20304BE034007FA558 /* WidgetKit.framework */ = {isa = PBXFileReference; lastKnownFileType = wrapper.framework; name = WidgetKit.framework; path = System/Library/Frameworks/WidgetKit.framework; sourceTree = SDKROOT; };
		85CD1A22304BE034007FA558 /* SwiftUI.framework */ = {isa = PBXFileReference; lastKnownFileType = wrapper.framework; name = SwiftUI.framework; path = System/Library/Frameworks/SwiftUI.framework; sourceTree = SDKROOT; };
		85CD1A35304BE0C3007FA558 /* Sialbo-watchOS-WidgetExtension.entitlements */ = {isa = PBXFileReference; lastKnownFileType = text.plist.entitlements; path = "Sialbo-watchOS-WidgetExtension.entitlements"; sourceTree = "<group>"; };
/* End PBXFileReference section */

/* Begin PBXFileSystemSynchronizedBuildFileExceptionSet section */
		850F73E030471428000E8D2A /* Exceptions for "Sialbo-watchOS Watch App" folder in "Sialbo-watchOS Watch App" target */ = {
			isa = PBXFileSystemSynchronizedBuildFileExceptionSet;
			membershipExceptions = (
				Info.plist,
			);
			target = 850F73C430471427000E8D2A /* Sialbo-watchOS Watch App */;
		};
		85CD1A32304BE035007FA558 /* Exceptions for "Sialbo-watchOS-Widget" folder in "Sialbo-watchOS-WidgetExtension" target */ = {
			isa = PBXFileSystemSynchronizedBuildFileExceptionSet;
			membershipExceptions = (
				Info.plist,
			);
			target = 85CD1A1D304BE034007FA558 /* Sialbo-watchOS-WidgetExtension */;
		};
/* End PBXFileSystemSynchronizedBuildFileExceptionSet section */

/* Begin PBXFileSystemSynchronizedRootGroup section */
		850F73C930471427000E8D2A /* Sialbo-watchOS Watch App */ = {
			isa = PBXFileSystemSynchronizedRootGroup;
			exceptions = (
				850F73E030471428000E8D2A /* Exceptions for "Sialbo-watchOS Watch App" folder in "Sialbo-watchOS Watch App" target */,
			);
			path = "Sialbo-watchOS Watch App";
			sourceTree = "<group>";
		};
		85CD1A24304BE034007FA558 /* Sialbo-watchOS-Widget */ = {
			isa = PBXFileSystemSynchronizedRootGroup;
			exceptions = (
				85CD1A32304BE035007FA558 /* Exceptions for "Sialbo-watchOS-Widget" folder in "Sialbo-watchOS-WidgetExtension" target */,
			);
			path = "Sialbo-watchOS-Widget";
			sourceTree = "<group>";
		};
/* End PBXFileSystemSynchronizedRootGroup section */

/* Begin PBXFrameworksBuildPhase section */
		850F73C230471427000E8D2A /* Frameworks */ = {
			isa = PBXFrameworksBuildPhase;
			buildActionMask = 2147483647;
			files = (
			);
			runOnlyForDeploymentPostprocessing = 0;
		};
		85CD1A1B304BE034007FA558 /* Frameworks */ = {
			isa = PBXFrameworksBuildPhase;
			buildActionMask = 2147483647;
			files = (
				85CD1A23304BE034007FA558 /* SwiftUI.framework in Frameworks */,
				85CD1A21304BE034007FA558 /* WidgetKit.framework in Frameworks */,
			);
			runOnlyForDeploymentPostprocessing = 0;
		};
/* End PBXFrameworksBuildPhase section */

/* Begin PBXGroup section */
		850F73B830471427000E8D2A = {
			isa = PBXGroup;
			children = (
				85CD1A35304BE0C3007FA558 /* Sialbo-watchOS-WidgetExtension.entitlements */,
				850F73C930471427000E8D2A /* Sialbo-watchOS Watch App */,
				85CD1A24304BE034007FA558 /* Sialbo-watchOS-Widget */,
				85CD1A1F304BE034007FA558 /* Frameworks */,
				850F73C030471427000E8D2A /* Products */,
			);
			sourceTree = "<group>";
		};
		850F73C030471427000E8D2A /* Products */ = {
			isa = PBXGroup;
			children = (
				850F73BF30471427000E8D2A /* Sialbo-watchOS.app */,
				850F73C530471427000E8D2A /* Sialbo-watchOS Watch App.app */,
				85CD1A1E304BE034007FA558 /* Sialbo-watchOS-WidgetExtension.appex */,
			);
			name = Products;
			sourceTree = "<group>";
		};
		85CD1A1F304BE034007FA558 /* Frameworks */ = {
			isa = PBXGroup;
			children = (
				85CD1A20304BE034007FA558 /* WidgetKit.framework */,
				85CD1A22304BE034007FA558 /* SwiftUI.framework */,
			);
			name = Frameworks;
			sourceTree = "<group>";
		};
/* End PBXGroup section */

/* Begin PBXNativeTarget section */
		850F73BE30471427000E8D2A /* Sialbo-watchOS */ = {
			isa = PBXNativeTarget;
			buildConfigurationList = 850F73D630471428000E8D2A /* Build configuration list for PBXNativeTarget "Sialbo-watchOS" */;
			buildPhases = (
				850F73BD30471427000E8D2A /* Resources */,
				850F73D530471428000E8D2A /* Embed Watch Content */,
			);
			buildRules = (
			);
			dependencies = (
				850F73C830471427000E8D2A /* PBXTargetDependency */,
			);
			name = "Sialbo-watchOS";
			packageProductDependencies = (
			);
			productName = "Sialbo-watchOS";
			productReference = 850F73BF30471427000E8D2A /* Sialbo-watchOS.app */;
			productType = "com.apple.product-type.application.watchapp2-container";
		};
		850F73C430471427000E8D2A /* Sialbo-watchOS Watch App */ = {
			isa = PBXNativeTarget;
			buildConfigurationList = 850F73D230471428000E8D2A /* Build configuration list for PBXNativeTarget "Sialbo-watchOS Watch App" */;
			buildPhases = (
				850F73C130471427000E8D2A /* Sources */,
				850F73C230471427000E8D2A /* Frameworks */,
				850F73C330471427000E8D2A /* Resources */,
				85CD1A33304BE035007FA558 /* Embed Foundation Extensions */,
			);
			buildRules = (
			);
			dependencies = (
				85CD1A2D304BE035007FA558 /* PBXTargetDependency */,
			);
			fileSystemSynchronizedGroups = (
				850F73C930471427000E8D2A /* Sialbo-watchOS Watch App */,
			);
			name = "Sialbo-watchOS Watch App";
			packageProductDependencies = (
			);
			productName = "Sialbo-watchOS Watch App";
			productReference = 850F73C530471427000E8D2A /* Sialbo-watchOS Watch App.app */;
			productType = "com.apple.product-type.application";
		};
		85CD1A1D304BE034007FA558 /* Sialbo-watchOS-WidgetExtension */ = {
			isa = PBXNativeTarget;
			buildConfigurationList = 85CD1A2F304BE035007FA558 /* Build configuration list for PBXNativeTarget "Sialbo-watchOS-WidgetExtension" */;
			buildPhases = (
				85CD1A1A304BE034007FA558 /* Sources */,
				85CD1A1B304BE034007FA558 /* Frameworks */,
				85CD1A1C304BE034007FA558 /* Resources */,
			);
			buildRules = (
			);
			dependencies = (
			);
			fileSystemSynchronizedGroups = (
				85CD1A24304BE034007FA558 /* Sialbo-watchOS-Widget */,
			);
			name = "Sialbo-watchOS-WidgetExtension";
			packageProductDependencies = (
			);
			productName = "Sialbo-watchOS-WidgetExtension";
			productReference = 85CD1A1E304BE034007FA558 /* Sialbo-watchOS-WidgetExtension.appex */;
			productType = "com.apple.product-type.app-extension";
		};
/* End PBXNativeTarget section */

/* Begin PBXProject section */
		850F73B930471427000E8D2A /* Project object */ = {
			isa = PBXProject;
			attributes = {
				BuildIndependentTargetsInParallel = 1;
				LastSwiftUpdateCheck = 2660;
				LastUpgradeCheck = 2650;
				TargetAttributes = {
					850F73BE30471427000E8D2A = {
						CreatedOnToolsVersion = 26.5;
					};
					850F73C430471427000E8D2A = {
						CreatedOnToolsVersion = 26.5;
					};
					85CD1A1D304BE034007FA558 = {
						CreatedOnToolsVersion = 26.6;
					};
				};
			};
			buildConfigurationList = 850F73BC30471427000E8D2A /* Build configuration list for PBXProject "Sialbo-watchOS" */;
			developmentRegion = en;
			hasScannedForEncodings = 0;
			knownRegions = (
				en,
				Base,
			);
			mainGroup = 850F73B830471427000E8D2A;
			minimizedProjectReferenceProxies = 1;
			preferredProjectObjectVersion = 77;
			productRefGroup = 850F73C030471427000E8D2A /* Products */;
			projectDirPath = "";
			projectRoot = "";
			targets = (
				850F73BE30471427000E8D2A /* Sialbo-watchOS */,
				850F73C430471427000E8D2A /* Sialbo-watchOS Watch App */,
				85CD1A1D304BE034007FA558 /* Sialbo-watchOS-WidgetExtension */,
			);
		};
/* End PBXProject section */

/* Begin PBXResourcesBuildPhase section */
		850F73BD30471427000E8D2A /* Resources */ = {
			isa = PBXResourcesBuildPhase;
			buildActionMask = 2147483647;
			files = (
			);
			runOnlyForDeploymentPostprocessing = 0;
		};
		850F73C330471427000E8D2A /* Resources */ = {
			isa = PBXResourcesBuildPhase;
			buildActionMask = 2147483647;
			files = (
			);
			runOnlyForDeploymentPostprocessing = 0;
		};
		85CD1A1C304BE034007FA558 /* Resources */ = {
			isa = PBXResourcesBuildPhase;
			buildActionMask = 2147483647;
			files = (
			);
			runOnlyForDeploymentPostprocessing = 0;
		};
/* End PBXResourcesBuildPhase section */

/* Begin PBXSourcesBuildPhase section */
		850F73C130471427000E8D2A /* Sources */ = {
			isa = PBXSourcesBuildPhase;
			buildActionMask = 2147483647;
			files = (
			);
			runOnlyForDeploymentPostprocessing = 0;
		};
		85CD1A1A304BE034007FA558 /* Sources */ = {
			isa = PBXSourcesBuildPhase;
			buildActionMask = 2147483647;
			files = (
			);
			runOnlyForDeploymentPostprocessing = 0;
		};
/* End PBXSourcesBuildPhase section */

/* Begin PBXTargetDependency section */
		850F73C830471427000E8D2A /* PBXTargetDependency */ = {
			isa = PBXTargetDependency;
			target = 850F73C430471427000E8D2A /* Sialbo-watchOS Watch App */;
			targetProxy = 850F73C730471427000E8D2A /* PBXContainerItemProxy */;
		};
		85CD1A2D304BE035007FA558 /* PBXTargetDependency */ = {
			isa = PBXTargetDependency;
			target = 85CD1A1D304BE034007FA558 /* Sialbo-watchOS-WidgetExtension */;
			targetProxy = 85CD1A2C304BE035007FA558 /* PBXContainerItemProxy */;
		};
/* End PBXTargetDependency section */

/* Begin XCBuildConfiguration section */
		850F73D030471428000E8D2A /* Debug */ = {
			isa = XCBuildConfiguration;
			buildSettings = {
				ALWAYS_SEARCH_USER_PATHS = NO;
				ASSETCATALOG_COMPILER_GENERATE_SWIFT_ASSET_SYMBOL_EXTENSIONS = YES;
				CLANG_ANALYZER_NONNULL = YES;
				CLANG_ANALYZER_NUMBER_OBJECT_CONVERSION = YES_AGGRESSIVE;
				CLANG_CXX_LANGUAGE_STANDARD = "gnu++20";
				CLANG_ENABLE_MODULES = YES;
				CLANG_ENABLE_OBJC_ARC = YES;
				CLANG_ENABLE_OBJC_WEAK = YES;
				CLANG_WARN_BLOCK_CAPTURE_AUTORELEASING = YES;
				CLANG_WARN_BOOL_CONVERSION = YES;
				CLANG_WARN_COMMA = YES;
				CLANG_WARN_CONSTANT_CONVERSION = YES;
				CLANG_WARN_DEPRECATED_OBJC_IMPLEMENTATIONS = YES;
				CLANG_WARN_DIRECT_OBJC_ISA_USAGE = YES_ERROR;
				CLANG_WARN_DOCUMENTATION_COMMENTS = YES;
				CLANG_WARN_EMPTY_BODY = YES;
				CLANG_WARN_ENUM_CONVERSION = YES;
				CLANG_WARN_INFINITE_RECURSION = YES;
				CLANG_WARN_INT_CONVERSION = YES;
				CLANG_WARN_NON_LITERAL_NULL_CONVERSION = YES;
				CLANG_WARN_OBJC_IMPLICIT_RETAIN_SELF = YES;
				CLANG_WARN_OBJC_LITERAL_CONVERSION = YES;
				CLANG_WARN_OBJC_ROOT_CLASS = YES_ERROR;
				CLANG_WARN_QUOTED_INCLUDE_IN_FRAMEWORK_HEADER = YES;
				CLANG_WARN_RANGE_LOOP_ANALYSIS = YES;
				CLANG_WARN_STRICT_PROTOTYPES = YES;
				CLANG_WARN_SUSPICIOUS_MOVE = YES;
				CLANG_WARN_UNGUARDED_AVAILABILITY = YES_AGGRESSIVE;
				CLANG_WARN_UNREACHABLE_CODE = YES;
				CLANG_WARN__DUPLICATE_METHOD_MATCH = YES;
				COPY_PHASE_STRIP = NO;
				DEBUG_INFORMATION_FORMAT = dwarf;
				DEVELOPMENT_TEAM = GP2ML5Q5AN;
				ENABLE_STRICT_OBJC_MSGSEND = YES;
				ENABLE_TESTABILITY = YES;
				ENABLE_USER_SCRIPT_SANDBOXING = YES;
				GCC_C_LANGUAGE_STANDARD = gnu17;
				GCC_DYNAMIC_NO_PIC = NO;
				GCC_NO_COMMON_BLOCKS = YES;
				GCC_OPTIMIZATION_LEVEL = 0;
				GCC_PREPROCESSOR_DEFINITIONS = (
					"DEBUG=1",
					"$(inherited)",
				);
				GCC_WARN_64_TO_32_BIT_CONVERSION = YES;
				GCC_WARN_ABOUT_RETURN_TYPE = YES_ERROR;
				GCC_WARN_UNDECLARED_SELECTOR = YES;
				GCC_WARN_UNINITIALIZED_AUTOS = YES_AGGRESSIVE;
				GCC_WARN_UNUSED_FUNCTION = YES;
				GCC_WARN_UNUSED_VARIABLE = YES;
				LOCALIZATION_PREFERS_STRING_CATALOGS = YES;
				MTL_ENABLE_DEBUG_INFO = INCLUDE_SOURCE;
				MTL_FAST_MATH = YES;
				ONLY_ACTIVE_ARCH = YES;
				SWIFT_ACTIVE_COMPILATION_CONDITIONS = "DEBUG $(inherited)";
				SWIFT_OPTIMIZATION_LEVEL = "-Onone";
			};
			name = Debug;
		};
		850F73D130471428000E8D2A /* Release */ = {
			isa = XCBuildConfiguration;
			buildSettings = {
				ALWAYS_SEARCH_USER_PATHS = NO;
				ASSETCATALOG_COMPILER_GENERATE_SWIFT_ASSET_SYMBOL_EXTENSIONS = YES;
				CLANG_ANALYZER_NONNULL = YES;
				CLANG_ANALYZER_NUMBER_OBJECT_CONVERSION = YES_AGGRESSIVE;
				CLANG_CXX_LANGUAGE_STANDARD = "gnu++20";
				CLANG_ENABLE_MODULES = YES;
				CLANG_ENABLE_OBJC_ARC = YES;
				CLANG_ENABLE_OBJC_WEAK = YES;
				CLANG_WARN_BLOCK_CAPTURE_AUTORELEASING = YES;
				CLANG_WARN_BOOL_CONVERSION = YES;
				CLANG_WARN_COMMA = YES;
				CLANG_WARN_CONSTANT_CONVERSION = YES;
				CLANG_WARN_DEPRECATED_OBJC_IMPLEMENTATIONS = YES;
				CLANG_WARN_DIRECT_OBJC_ISA_USAGE = YES_ERROR;
				CLANG_WARN_DOCUMENTATION_COMMENTS = YES;
				CLANG_WARN_EMPTY_BODY = YES;
				CLANG_WARN_ENUM_CONVERSION = YES;
				CLANG_WARN_INFINITE_RECURSION = YES;
				CLANG_WARN_INT_CONVERSION = YES;
				CLANG_WARN_NON_LITERAL_NULL_CONVERSION = YES;
				CLANG_WARN_OBJC_IMPLICIT_RETAIN_SELF = YES;
				CLANG_WARN_OBJC_LITERAL_CONVERSION = YES;
				CLANG_WARN_OBJC_ROOT_CLASS = YES_ERROR;
				CLANG_WARN_QUOTED_INCLUDE_IN_FRAMEWORK_HEADER = YES;
				CLANG_WARN_RANGE_LOOP_ANALYSIS = YES;
				CLANG_WARN_STRICT_PROTOTYPES = YES;
				CLANG_WARN_SUSPICIOUS_MOVE = YES;
				CLANG_WARN_UNGUARDED_AVAILABILITY = YES_AGGRESSIVE;
				CLANG_WARN_UNREACHABLE_CODE = YES;
				CLANG_WARN__DUPLICATE_METHOD_MATCH = YES;
				COPY_PHASE_STRIP = NO;
				DEBUG_INFORMATION_FORMAT = "dwarf-with-dsym";
				DEVELOPMENT_TEAM = GP2ML5Q5AN;
				ENABLE_NS_ASSERTIONS = NO;
				ENABLE_STRICT_OBJC_MSGSEND = YES;
				ENABLE_USER_SCRIPT_SANDBOXING = YES;
				GCC_C_LANGUAGE_STANDARD = gnu17;
				GCC_NO_COMMON_BLOCKS = YES;
				GCC_WARN_64_TO_32_BIT_CONVERSION = YES;
				GCC_WARN_ABOUT_RETURN_TYPE = YES_ERROR;
				GCC_WARN_UNDECLARED_SELECTOR = YES;
				GCC_WARN_UNINITIALIZED_AUTOS = YES_AGGRESSIVE;
				GCC_WARN_UNUSED_FUNCTION = YES;
				GCC_WARN_UNUSED_VARIABLE = YES;
				LOCALIZATION_PREFERS_STRING_CATALOGS = YES;
				MTL_ENABLE_DEBUG_INFO = NO;
				MTL_FAST_MATH = YES;
				SWIFT_COMPILATION_MODE = wholemodule;
			};
			name = Release;
		};
		850F73D330471428000E8D2A /* Debug */ = {
			isa = XCBuildConfiguration;
			buildSettings = {
				ASSETCATALOG_COMPILER_APPICON_NAME = AppIcon;
				ASSETCATALOG_COMPILER_GLOBAL_ACCENT_COLOR_NAME = AccentColor;
				CODE_SIGN_ENTITLEMENTS = "Sialbo-watchOS Watch App/Sialbo-watchOS Watch App.entitlements";
				CODE_SIGN_STYLE = Automatic;
				CURRENT_PROJECT_VERSION = 1;
				DEVELOPMENT_TEAM = GP2ML5Q5AN;
				ENABLE_PREVIEWS = YES;
				GENERATE_INFOPLIST_FILE = YES;
				INFOPLIST_FILE = "Sialbo-watchOS Watch App/Info.plist";
				INFOPLIST_KEY_CFBundleDisplayName = "Sialbo-watchOS";
				INFOPLIST_KEY_UISupportedInterfaceOrientations = "UIInterfaceOrientationPortrait UIInterfaceOrientationPortraitUpsideDown";
				INFOPLIST_KEY_WKWatchOnly = YES;
				LD_RUNPATH_SEARCH_PATHS = (
					"$(inherited)",
					"@executable_path/Frameworks",
				);
				MARKETING_VERSION = 1.0;
				PRODUCT_BUNDLE_IDENTIFIER = "juhui.Sialbo-watchOS.watchkitapp";
				PRODUCT_NAME = "$(TARGET_NAME)";
				SDKROOT = watchos;
				SKIP_INSTALL = YES;
				STRING_CATALOG_GENERATE_SYMBOLS = YES;
				SWIFT_APPROACHABLE_CONCURRENCY = YES;
				SWIFT_DEFAULT_ACTOR_ISOLATION = MainActor;
				SWIFT_EMIT_LOC_STRINGS = YES;
				SWIFT_UPCOMING_FEATURE_MEMBER_IMPORT_VISIBILITY = YES;
				SWIFT_VERSION = 5.0;
				TARGETED_DEVICE_FAMILY = 4;
				WATCHOS_DEPLOYMENT_TARGET = 26.5;
			};
			name = Debug;
		};
		850F73D430471428000E8D2A /* Release */ = {
			isa = XCBuildConfiguration;
			buildSettings = {
				ASSETCATALOG_COMPILER_APPICON_NAME = AppIcon;
				ASSETCATALOG_COMPILER_GLOBAL_ACCENT_COLOR_NAME = AccentColor;
				CODE_SIGN_ENTITLEMENTS = "Sialbo-watchOS Watch App/Sialbo-watchOS Watch App.entitlements";
				CODE_SIGN_STYLE = Automatic;
				CURRENT_PROJECT_VERSION = 1;
				DEVELOPMENT_TEAM = GP2ML5Q5AN;
				ENABLE_PREVIEWS = YES;
				GENERATE_INFOPLIST_FILE = YES;
				INFOPLIST_FILE = "Sialbo-watchOS Watch App/Info.plist";
				INFOPLIST_KEY_CFBundleDisplayName = "Sialbo-watchOS";
				INFOPLIST_KEY_UISupportedInterfaceOrientations = "UIInterfaceOrientationPortrait UIInterfaceOrientationPortraitUpsideDown";
				INFOPLIST_KEY_WKWatchOnly = YES;
				LD_RUNPATH_SEARCH_PATHS = (
					"$(inherited)",
					"@executable_path/Frameworks",
				);
				MARKETING_VERSION = 1.0;
				PRODUCT_BUNDLE_IDENTIFIER = "juhui.Sialbo-watchOS.watchkitapp";
				PRODUCT_NAME = "$(TARGET_NAME)";
				SDKROOT = watchos;
				SKIP_INSTALL = YES;
				STRING_CATALOG_GENERATE_SYMBOLS = YES;
				SWIFT_APPROACHABLE_CONCURRENCY = YES;
				SWIFT_DEFAULT_ACTOR_ISOLATION = MainActor;
				SWIFT_EMIT_LOC_STRINGS = YES;
				SWIFT_UPCOMING_FEATURE_MEMBER_IMPORT_VISIBILITY = YES;
				SWIFT_VERSION = 5.0;
				TARGETED_DEVICE_FAMILY = 4;
				VALIDATE_PRODUCT = YES;
				WATCHOS_DEPLOYMENT_TARGET = 26.5;
			};
			name = Release;
		};
		850F73D730471428000E8D2A /* Debug */ = {
			isa = XCBuildConfiguration;
			buildSettings = {
				CODE_SIGN_STYLE = Automatic;
				CURRENT_PROJECT_VERSION = 1;
				DEVELOPMENT_TEAM = GP2ML5Q5AN;
				INFOPLIST_KEY_CFBundleDisplayName = "Sialbo-watchOS";
				MARKETING_VERSION = 1.0;
				PRODUCT_BUNDLE_IDENTIFIER = "juhui.Sialbo-watchOS";
				PRODUCT_NAME = "$(TARGET_NAME)";
				SDKROOT = iphoneos;
				SWIFT_APPROACHABLE_CONCURRENCY = YES;
				SWIFT_UPCOMING_FEATURE_MEMBER_IMPORT_VISIBILITY = YES;
				SWIFT_VERSION = 5.0;
			};
			name = Debug;
		};
		850F73D830471428000E8D2A /* Release */ = {
			isa = XCBuildConfiguration;
			buildSettings = {
				CODE_SIGN_STYLE = Automatic;
				CURRENT_PROJECT_VERSION = 1;
				DEVELOPMENT_TEAM = GP2ML5Q5AN;
				INFOPLIST_KEY_CFBundleDisplayName = "Sialbo-watchOS";
				MARKETING_VERSION = 1.0;
				PRODUCT_BUNDLE_IDENTIFIER = "juhui.Sialbo-watchOS";
				PRODUCT_NAME = "$(TARGET_NAME)";
				SDKROOT = iphoneos;
				SWIFT_APPROACHABLE_CONCURRENCY = YES;
				SWIFT_UPCOMING_FEATURE_MEMBER_IMPORT_VISIBILITY = YES;
				SWIFT_VERSION = 5.0;
				VALIDATE_PRODUCT = YES;
			};
			name = Release;
		};
		85CD1A30304BE035007FA558 /* Debug */ = {
			isa = XCBuildConfiguration;
			buildSettings = {
				ASSETCATALOG_COMPILER_GLOBAL_ACCENT_COLOR_NAME = AccentColor;
				ASSETCATALOG_COMPILER_WIDGET_BACKGROUND_COLOR_NAME = WidgetBackground;
				CODE_SIGN_ENTITLEMENTS = "Sialbo-watchOS-WidgetExtension.entitlements";
				CODE_SIGN_STYLE = Automatic;
				CURRENT_PROJECT_VERSION = 1;
				DEVELOPMENT_TEAM = GP2ML5Q5AN;
				GENERATE_INFOPLIST_FILE = YES;
				INFOPLIST_FILE = "Sialbo-watchOS-Widget/Info.plist";
				INFOPLIST_KEY_CFBundleDisplayName = "Sialbo-watchOS-Widget";
				INFOPLIST_KEY_NSHumanReadableCopyright = "";
				LD_RUNPATH_SEARCH_PATHS = (
					"$(inherited)",
					"@executable_path/Frameworks",
					"@executable_path/../../Frameworks",
					"@executable_path/../../../../Frameworks",
				);
				MARKETING_VERSION = 1.0;
				PRODUCT_BUNDLE_IDENTIFIER = "juhui.Sialbo-watchOS.watchkitapp.Sialbo-watchOS-Widget";
				PRODUCT_NAME = "$(TARGET_NAME)";
				SDKROOT = watchos;
				SKIP_INSTALL = YES;
				STRING_CATALOG_GENERATE_SYMBOLS = YES;
				SWIFT_APPROACHABLE_CONCURRENCY = YES;
				SWIFT_EMIT_LOC_STRINGS = YES;
				SWIFT_UPCOMING_FEATURE_MEMBER_IMPORT_VISIBILITY = YES;
				SWIFT_VERSION = 5.0;
				TARGETED_DEVICE_FAMILY = 4;
				WATCHOS_DEPLOYMENT_TARGET = 26.5;
			};
			name = Debug;
		};
		85CD1A31304BE035007FA558 /* Release */ = {
			isa = XCBuildConfiguration;
			buildSettings = {
				ASSETCATALOG_COMPILER_GLOBAL_ACCENT_COLOR_NAME = AccentColor;
				ASSETCATALOG_COMPILER_WIDGET_BACKGROUND_COLOR_NAME = WidgetBackground;
				CODE_SIGN_ENTITLEMENTS = "Sialbo-watchOS-WidgetExtension.entitlements";
				CODE_SIGN_STYLE = Automatic;
				CURRENT_PROJECT_VERSION = 1;
				DEVELOPMENT_TEAM = GP2ML5Q5AN;
				GENERATE_INFOPLIST_FILE = YES;
				INFOPLIST_FILE = "Sialbo-watchOS-Widget/Info.plist";
				INFOPLIST_KEY_CFBundleDisplayName = "Sialbo-watchOS-Widget";
				INFOPLIST_KEY_NSHumanReadableCopyright = "";
				LD_RUNPATH_SEARCH_PATHS = (
					"$(inherited)",
					"@executable_path/Frameworks",
					"@executable_path/../../Frameworks",
					"@executable_path/../../../../Frameworks",
				);
				MARKETING_VERSION = 1.0;
				PRODUCT_BUNDLE_IDENTIFIER = "juhui.Sialbo-watchOS.watchkitapp.Sialbo-watchOS-Widget";
				PRODUCT_NAME = "$(TARGET_NAME)";
				SDKROOT = watchos;
				SKIP_INSTALL = YES;
				STRING_CATALOG_GENERATE_SYMBOLS = YES;
				SWIFT_APPROACHABLE_CONCURRENCY = YES;
				SWIFT_EMIT_LOC_STRINGS = YES;
				SWIFT_UPCOMING_FEATURE_MEMBER_IMPORT_VISIBILITY = YES;
				SWIFT_VERSION = 5.0;
				TARGETED_DEVICE_FAMILY = 4;
				VALIDATE_PRODUCT = YES;
				WATCHOS_DEPLOYMENT_TARGET = 26.5;
			};
			name = Release;
		};
/* End XCBuildConfiguration section */

/* Begin XCConfigurationList section */
		850F73BC30471427000E8D2A /* Build configuration list for PBXProject "Sialbo-watchOS" */ = {
			isa = XCConfigurationList;
			buildConfigurations = (
				850F73D030471428000E8D2A /* Debug */,
				850F73D130471428000E8D2A /* Release */,
			);
			defaultConfigurationIsVisible = 0;
			defaultConfigurationName = Release;
		};
		850F73D230471428000E8D2A /* Build configuration list for PBXNativeTarget "Sialbo-watchOS Watch App" */ = {
			isa = XCConfigurationList;
			buildConfigurations = (
				850F73D330471428000E8D2A /* Debug */,
				850F73D430471428000E8D2A /* Release */,
			);
			defaultConfigurationIsVisible = 0;
			defaultConfigurationName = Release;
		};
		850F73D630471428000E8D2A /* Build configuration list for PBXNativeTarget "Sialbo-watchOS" */ = {
			isa = XCConfigurationList;
			buildConfigurations = (
				850F73D730471428000E8D2A /* Debug */,
				850F73D830471428000E8D2A /* Release */,
			);
			defaultConfigurationIsVisible = 0;
			defaultConfigurationName = Release;
		};
		85CD1A2F304BE035007FA558 /* Build configuration list for PBXNativeTarget "Sialbo-watchOS-WidgetExtension" */ = {
			isa = XCConfigurationList;
			buildConfigurations = (
				85CD1A30304BE035007FA558 /* Debug */,
				85CD1A31304BE035007FA558 /* Release */,
			);
			defaultConfigurationIsVisible = 0;
			defaultConfigurationName = Release;
		};
/* End XCConfigurationList section */
	};
	rootObject = 850F73B930471427000E8D2A /* Project object */;
}
